
Microsoft Visual Studio Solution File, Format Version 12.00
# Visual Studio Version 17
VisualStudioVersion = 17.0.31903.59
MinimumVisualStudioVersion = 10.0.40219.1
Project("{9A19103F-16F7-4668-BE54-9A1E7A4F7556}") = "Zuge.Domain", "src\Zuge.Domain\Zuge.Domain.csproj", "{69D70A64-F6F5-4405-8D17-66498522A094}"
EndProject
Project("{9A19103F-16F7-4668-BE54-9A1E7A4F7556}") = "Zuge.Infrastructure", "src\Zuge.Infrastructure\Zuge.Infrastructure.csproj", "{101910F2-4BE2-4BF4-B4A0-DCC1E86E51EF}"
EndProject
Project("{9A19103F-16F7-4668-BE54-9A1E7A4F7556}") = "Zuge.UI.Server", "src\Zuge.UI\Zuge.UI.Server\Zuge.UI.Server.csproj", "{2126BF48-888F-430E-9A58-9EBD533EDAED}"
EndProject
Project("{54A90642-561A-4BB1-A94E-469ADEE60C69}") = "zuge.ui.client", "src\Zuge.UI\zuge.ui.client\zuge.ui.client.esproj", "{30030EF8-A710-4E37-AA67-BF57A4825832}"
EndProject
Project("{E53339B2-1760-4266-BCC7-CA923CBCF16C}") = "docker-compose", "docker-compose.dcproj", "{FB2068EA-98CD-4330-95AC-DA6FA75A2C29}"
EndProject
Project("{FAE04EC0-301F-11D3-BF4B-00C04F79EFBC}") = "Zuge.Tests", "tests\Zuge.Tests\Zuge.Tests.csproj", "{5C026A60-45F9-40BB-83BB-C30C649A6522}"
EndProject
Global
	GlobalSection(SolutionConfigurationPlatforms) = preSolution
		Debug|Any CPU = Debug|Any CPU
		Release|Any CPU = Release|Any CPU
	EndGlobalSection
	GlobalSection(ProjectConfigurationPlatforms) = postSolution
		{69D70A64-F6F5-4405-8D17-66498522A094}.Debug|Any CPU.ActiveCfg = Debug|Any CPU
		{69D70A64-F6F5-4405-8D17-66498522A094}.Debug|Any CPU.Build.0 = Debug|Any CPU
		{69D70A64-F6F5-4405-8D17-66498522A094}.Release|Any CPU.ActiveCfg = Release|Any CPU
		{69D70A64-F6F5-4405-8D17-66498522A094}.Release|Any CPU.Build.0 = Release|Any CPU
		{101910F2-4BE2-4BF4-B4A0-DCC1E86E51EF}.Debug|Any CPU.ActiveCfg = Debug|Any CPU
		{101910F2-4BE2-4BF4-B4A0-DCC1E86E51EF}.Debug|Any CPU.Build.0 = Debug|Any CPU
		{101910F2-4BE2-4BF4-B4A0-DCC1E86E51EF}.Release|Any CPU.ActiveCfg = Release|Any CPU
		{101910F2-4BE2-4BF4-B4A0-DCC1E86E51EF}.Release|Any CPU.Build.0 = Release|Any CPU
		{2126BF48-888F-430E-9A58-9EBD533EDAED}.Debug|Any CPU.ActiveCfg = Debug|Any CPU
		{2126BF48-888F-430E-9A58-9EBD533EDAED}.Debug|Any CPU.Build.0 = Debug|Any CPU
		{2126BF48-888F-430E-9A58-9EBD533EDAED}.Release|Any CPU.ActiveCfg = Release|Any CPU
		{2126BF48-888F-430E-9A58-9EBD533EDAED}.Release|Any CPU.Build.0 = Release|Any CPU
		{30030EF8-A710-4E37-AA67-BF57A4825832}.Debug|Any CPU.ActiveCfg = Debug|Any CPU
		{30030EF8-A710-4E37-AA67-BF57A4825832}.Debug|Any CPU.Build.0 = Debug|Any CPU
		{30030EF8-A710-4E37-AA67-BF57A4825832}.Debug|Any CPU.Deploy.0 = Debug|Any CPU
		{30030EF8-A710-4E37-AA67-BF57A4825832}.Release|Any CPU.ActiveCfg = Release|Any CPU
		{30030EF8-A710-4E37-AA67-BF57A4825832}.Release|Any CPU.Build.0 = Release|Any CPU
		{30030EF8-A710-4E37-AA67-BF57A4825832}.Release|Any CPU.Deploy.0 = Release|Any CPU
		{FB2068EA-98CD-4330-95AC-DA6FA75A2C29}.Debug|Any CPU.ActiveCfg = Debug|Any CPU
		{FB2068EA-98CD-4330-95AC-DA6FA75A2C29}.Debug|Any CPU.Build.0 = Debug|Any CPU
		{FB2068EA-98CD-4330-95AC-DA6FA75A2C29}.Release|Any CPU.ActiveCfg = Release|Any CPU
		{FB2068EA-98CD-4330-95AC-DA6FA75A2C29}.Release|Any CPU.Build.0 = Release|Any CPU
		{5C026A60-45F9-40BB-83BB-C30C649A6522}.Debug|Any CPU.ActiveCfg = Debug|Any CPU
		{5C026A60-45F9-40BB-83BB-C30C649A6522}.Debug|Any CPU.Build.0 = Debug|Any CPU
		{5C026A60-45F9-40BB-83BB-C30C649A6522}.Release|Any CPU.ActiveCfg = Release|Any CPU
		{5C026A60-45F9-40BB-83BB-C30C649A6522}.Release|Any CPU.Build.0 = Release|Any CPU
	EndGlobalSection
	GlobalSection(SolutionProperties) = preSolution
		HideSolutionNode = FALSE
	EndGlobalSection
	GlobalSection(ExtensibilityGlobals) = postSolution
		SolutionGuid = {B47A24B3-46D3-4FFA-854D-9DDB6BE8AA5D}
	EndGlobalSection
EndGlobal
